
Microsoft Visual Studio Solution File, Format Version 12.00
# Visual Studio Version 17
VisualStudioVersion = 17.6.33712.159
MinimumVisualStudioVersion = 10.0.40219.1
Project("{A99171F4-43ED-48FC-978B-9193EDE4E466}") = "work-with-dates", "work-with-dates.vrproj", "{BED90023-22EA-4BC7-A3DB-7A58DEC0A1A1}"
EndProject
Global
	GlobalSection(SolutionConfigurationPlatforms) = preSolution
		Debug|Any CPU = Debug|Any CPU
		Release|Any CPU = Release|Any CPU
	EndGlobalSection
	GlobalSection(ProjectConfigurationPlatforms) = postSolution
		{BED90023-22EA-4BC7-A3DB-7A58DEC0A1A1}.Debug|Any CPU.ActiveCfg = Debug|Any CPU
		{BED90023-22EA-4BC7-A3DB-7A58DEC0A1A1}.Debug|Any CPU.Build.0 = Debug|Any CPU
		{BED90023-22EA-4BC7-A3DB-7A58DEC0A1A1}.Release|Any CPU.ActiveCfg = Release|Any CPU
		{BED90023-22EA-4BC7-A3DB-7A58DEC0A1A1}.Release|Any CPU.Build.0 = Release|Any CPU
	EndGlobalSection
	GlobalSection(SolutionProperties) = preSolution
		HideSolutionNode = FALSE
	EndGlobalSection
	GlobalSection(ExtensibilityGlobals) = postSolution
		SolutionGuid = {4B327E86-8845-4051-A517-90596F3D3176}
	EndGlobalSection
EndGlobal
